
Microsoft Visual Studio Solution File, Format Version 12.00
# Visual Studio 15
VisualStudioVersion = 15.0.27428.2037
MinimumVisualStudioVersion = 10.0.40219.1
Project("{FAE04EC0-301F-11D3-BF4B-00C04F79EFBC}") = "Lista2", "Lista2\Lista2.csproj", "{0D02571E-F9A9-4FF0-81B2-17E433FC2181}"
EndProject
Global
	GlobalSection(SolutionConfigurationPlatforms) = preSolution
		Debug|Any CPU = Debug|Any CPU
		Release|Any CPU = Release|Any CPU
	EndGlobalSection
	GlobalSection(ProjectConfigurationPlatforms) = postSolution
		{0D02571E-F9A9-4FF0-81B2-17E433FC2181}.Debug|Any CPU.ActiveCfg = Debug|Any CPU
		{0D02571E-F9A9-4FF0-81B2-17E433FC2181}.Debug|Any CPU.Build.0 = Debug|Any CPU
		{0D02571E-F9A9-4FF0-81B2-17E433FC2181}.Release|Any CPU.ActiveCfg = Release|Any CPU
		{0D02571E-F9A9-4FF0-81B2-17E433FC2181}.Release|Any CPU.Build.0 = Release|Any CPU
	EndGlobalSection
	GlobalSection(SolutionProperties) = preSolution
		HideSolutionNode = FALSE
	EndGlobalSection
	GlobalSection(ExtensibilityGlobals) = postSolution
		SolutionGuid = {9FC0B652-255C-45F0-96EA-768FC27926C7}
	EndGlobalSection
EndGlobal
